// !$*UTF8*$!
{
	archiveVersion = 1;
	classes = {
	};
	objectVersion = 56;
	objects = {

/* Begin PBXBuildFile section */
		842463892A1CACE400BBB15D /* AppDelegate.swift in Sources */ = {isa = PBXBuildFile; fileRef = 842463882A1CACE400BBB15D /* AppDelegate.swift */; };
		8424638B2A1CACE400BBB15D /* SceneDelegate.swift in Sources */ = {isa = PBXBuildFile; fileRef = 8424638A2A1CACE400BBB15D /* SceneDelegate.swift */; };
		8424638D2A1CACE400BBB15D /* ViewController.swift in Sources */ = {isa = PBXBuildFile; fileRef = 8424638C2A1CACE400BBB15D /* ViewController.swift */; };
		842463902A1CACE400BBB15D /* Main.storyboard in Resources */ = {isa = PBXBuildFile; fileRef = 8424638E2A1CACE400BBB15D /* Main.storyboard */; };
		842463922A1CACE600BBB15D /* Assets.xcassets in Resources */ = {isa = PBXBuildFile; fileRef = 842463912A1CACE600BBB15D /* Assets.xcassets */; };
		842463952A1CACE600BBB15D /* LaunchScreen.storyboard in Resources */ = {isa = PBXBuildFile; fileRef = 842463932A1CACE600BBB15D /* LaunchScreen.storyboard */; };
		842463A02A1CACE600BBB15D /* X_OTests.swift in Sources */ = {isa = PBXBuildFile; fileRef = 8424639F2A1CACE600BBB15D /* X_OTests.swift */; };
		842463AA2A1CACE600BBB15D /* X_OUITests.swift in Sources */ = {isa = PBXBuildFile; fileRef = 842463A92A1CACE600BBB15D /* X_OUITests.swift */; };
		842463AC2A1CACE600BBB15D /* X_OUITestsLaunchTests.swift in Sources */ = {isa = PBXBuildFile; fileRef = 842463AB2A1CACE600BBB15D /* X_OUITestsLaunchTests.swift */; };
/* End PBXBuildFile section */

/* Begin PBXContainerItemProxy section */
		8424639C2A1CACE600BBB15D /* PBXContainerItemProxy */ = {
			isa = PBXContainerItemProxy;
			containerPortal = 8424637D2A1CACE400BBB15D /* Project object */;
			proxyType = 1;
			remoteGlobalIDString = 842463842A1CACE400BBB15D;
			remoteInfo = "X O";
		};
		842463A62A1CACE600BBB15D /* PBXContainerItemProxy */ = {
			isa = PBXContainerItemProxy;
			containerPortal = 8424637D2A1CACE400BBB15D /* Project object */;
			proxyType = 1;
			remoteGlobalIDString = 842463842A1CACE400BBB15D;
			remoteInfo = "X O";
		};
/* End PBXContainerItemProxy section */

/* Begin PBXFileReference section */
		842463852A1CACE400BBB15D /* X O.app */ = {isa = PBXFileReference; explicitFileType = wrapper.application; includeInIndex = 0; path = "X O.app"; sourceTree = BUILT_PRODUCTS_DIR; };
		842463882A1CACE400BBB15D /* AppDelegate.swift */ = {isa = PBXFileReference; lastKnownFileType = sourcecode.swift; path = AppDelegate.swift; sourceTree = "<group>"; };
		8424638A2A1CACE400BBB15D /* SceneDelegate.swift */ = {isa = PBXFileReference; lastKnownFileType = sourcecode.swift; path = SceneDelegate.swift; sourceTree = "<group>"; };
		8424638C2A1CACE400BBB15D /* ViewController.swift */ = {isa = PBXFileReference; lastKnownFileType = sourcecode.swift; path = ViewController.swift; sourceTree = "<group>"; };
		8424638F2A1CACE400BBB15D /* Base */ = {isa = PBXFileReference; lastKnownFileType = file.storyboard; name = Base; path = Base.lproj/Main.storyboard; sourceTree = "<group>"; };
		842463912A1CACE600BBB15D /* Assets.xcassets */ = {isa = PBXFileReference; lastKnownFileType = folder.assetcatalog; path = Assets.xcassets; sourceTree = "<group>"; };
		842463942A1CACE600BBB15D /* Base */ = {isa = PBXFileReference; lastKnownFileType = file.storyboard; name = Base; path = Base.lproj/LaunchScreen.storyboard; sourceTree = "<group>"; };
		842463962A1CACE600BBB15D /* Info.plist */ = {isa = PBXFileReference; lastKnownFileType = text.plist.xml; path = Info.plist; sourceTree = "<group>"; };
		8424639B2A1CACE600BBB15D /* X OTests.xctest */ = {isa = PBXFileReference; explicitFileType = wrapper.cfbundle; includeInIndex = 0; path = "X OTests.xctest"; sourceTree = BUILT_PRODUCTS_DIR; };
		8424639F2A1CACE600BBB15D /* X_OTests.swift */ = {isa = PBXFileReference; lastKnownFileType = sourcecode.swift; path = X_OTests.swift; sourceTree = "<group>"; };
		842463A52A1CACE600BBB15D /* X OUITests.xctest */ = {isa = PBXFileReference; explicitFileType = wrapper.cfbundle; includeInIndex = 0; path = "X OUITests.xctest"; sourceTree = BUILT_PRODUCTS_DIR; };
		842463A92A1CACE600BBB15D /* X_OUITests.swift */ = {isa = PBXFileReference; lastKnownFileType = sourcecode.swift; path = X_OUITests.swift; sourceTree = "<group>"; };
		842463AB2A1CACE600BBB15D /* X_OUITestsLaunchTests.swift */ = {isa = PBXFileReference; lastKnownFileType = sourcecode.swift; path = X_OUITestsLaunchTests.swift; sourceTree = "<group>"; };
/* End PBXFileReference section */

/* Begin PBXFrameworksBuildPhase section */
		842463822A1CACE400BBB15D /* Frameworks */ = {
			isa = PBXFrameworksBuildPhase;
			buildActionMask = 2147483647;
			files = (
			);
			runOnlyForDeploymentPostprocessing = 0;
		};
		842463982A1CACE600BBB15D /* Frameworks */ = {
			isa = PBXFrameworksBuildPhase;
			buildActionMask = 2147483647;
			files = (
			);
			runOnlyForDeploymentPostprocessing = 0;
		};
		842463A22A1CACE600BBB15D /* Frameworks */ = {
			isa = PBXFrameworksBuildPhase;
			buildActionMask = 2147483647;
			files = (
			);
			runOnlyForDeploymentPostprocessing = 0;
		};
/* End PBXFrameworksBuildPhase section */

/* Begin PBXGroup section */
		8424637C2A1CACE400BBB15D = {
			isa = PBXGroup;
			children = (
				842463872A1CACE400BBB15D /* X O */,
				8424639E2A1CACE600BBB15D /* X OTests */,
				842463A82A1CACE600BBB15D /* X OUITests */,
				842463862A1CACE400BBB15D /* Products */,
			);
			sourceTree = "<group>";
		};
		842463862A1CACE400BBB15D /* Products */ = {
			isa = PBXGroup;
			children = (
				842463852A1CACE400BBB15D /* X O.app */,
				8424639B2A1CACE600BBB15D /* X OTests.xctest */,
				842463A52A1CACE600BBB15D /* X OUITests.xctest */,
			);
			name = Products;
			sourceTree = "<group>";
		};
		842463872A1CACE400BBB15D /* X O */ = {
			isa = PBXGroup;
			children = (
				842463882A1CACE400BBB15D /* AppDelegate.swift */,
				8424638A2A1CACE400BBB15D /* SceneDelegate.swift */,
				8424638C2A1CACE400BBB15D /* ViewController.swift */,
				8424638E2A1CACE400BBB15D /* Main.storyboard */,
				842463912A1CACE600BBB15D /* Assets.xcassets */,
				842463932A1CACE600BBB15D /* LaunchScreen.storyboard */,
				842463962A1CACE600BBB15D /* Info.plist */,
			);
			path = "X O";
			sourceTree = "<group>";
		};
		8424639E2A1CACE600BBB15D /* X OTests */ = {
			isa = PBXGroup;
			children = (
				8424639F2A1CACE600BBB15D /* X_OTests.swift */,
			);
			path = "X OTests";
			sourceTree = "<group>";
		};
		842463A82A1CACE600BBB15D /* X OUITests */ = {
			isa = PBXGroup;
			children = (
				842463A92A1CACE600BBB15D /* X_OUITests.swift */,
				842463AB2A1CACE600BBB15D /* X_OUITestsLaunchTests.swift */,
			);
			path = "X OUITests";
			sourceTree = "<group>";
		};
/* End PBXGroup section */

/* Begin PBXNativeTarget section */
		842463842A1CACE400BBB15D /* X O */ = {
			isa = PBXNativeTarget;
			buildConfigurationList = 842463AF2A1CACE600BBB15D /* Build configuration list for PBXNativeTarget "X O" */;
			buildPhases = (
				842463812A1CACE400BBB15D /* Sources */,
				842463822A1CACE400BBB15D /* Frameworks */,
				842463832A1CACE400BBB15D /* Resources */,
			);
			buildRules = (
			);
			dependencies = (
			);
			name = "X O";
			productName = "X O";
			productReference = 842463852A1CACE400BBB15D /* X O.app */;
			productType = "com.apple.product-type.application";
		};
		8424639A2A1CACE600BBB15D /* X OTests */ = {
			isa = PBXNativeTarget;
			buildConfigurationList = 842463B22A1CACE600BBB15D /* Build configuration list for PBXNativeTarget "X OTests" */;
			buildPhases = (
				842463972A1CACE600BBB15D /* Sources */,
				842463982A1CACE600BBB15D /* Frameworks */,
				842463992A1CACE600BBB15D /* Resources */,
			);
			buildRules = (
			);
			dependencies = (
				8424639D2A1CACE600BBB15D /* PBXTargetDependency */,
			);
			name = "X OTests";
			productName = "X OTests";
			productReference = 8424639B2A1CACE600BBB15D /* X OTests.xctest */;
			productType = "com.apple.product-type.bundle.unit-test";
		};
		842463A42A1CACE600BBB15D /* X OUITests */ = {
			isa = PBXNativeTarget;
			buildConfigurationList = 842463B52A1CACE600BBB15D /* Build configuration list for PBXNativeTarget "X OUITests" */;
			buildPhases = (
				842463A12A1CACE600BBB15D /* Sources */,
				842463A22A1CACE600BBB15D /* Frameworks */,
				842463A32A1CACE600BBB15D /* Resources */,
			);
			buildRules = (
			);
			dependencies = (
				842463A72A1CACE600BBB15D /* PBXTargetDependency */,
			);
			name = "X OUITests";
			productName = "X OUITests";
			productReference = 842463A52A1CACE600BBB15D /* X OUITests.xctest */;
			productType = "com.apple.product-type.bundle.ui-testing";
		};
/* End PBXNativeTarget section */

/* Begin PBXProject section */
		8424637D2A1CACE400BBB15D /* Project object */ = {
			isa = PBXProject;
			attributes = {
				BuildIndependentTargetsInParallel = 1;
				LastSwiftUpdateCheck = 1420;
				LastUpgradeCheck = 1420;
				TargetAttributes = {
					842463842A1CACE400BBB15D = {
						CreatedOnToolsVersion = 14.2;
					};
					8424639A2A1CACE600BBB15D = {
						CreatedOnToolsVersion = 14.2;
						TestTargetID = 842463842A1CACE400BBB15D;
					};
					842463A42A1CACE600BBB15D = {
						CreatedOnToolsVersion = 14.2;
						TestTargetID = 842463842A1CACE400BBB15D;
					};
				};
			};
			buildConfigurationList = 842463802A1CACE400BBB15D /* Build configuration list for PBXProject "X O" */;
			compatibilityVersion = "Xcode 14.0";
			developmentRegion = en;
			hasScannedForEncodings = 0;
			knownRegions = (
				en,
				Base,
			);
			mainGroup = 8424637C2A1CACE400BBB15D;
			productRefGroup = 842463862A1CACE400BBB15D /* Products */;
			projectDirPath = "";
			projectRoot = "";
			targets = (
				842463842A1CACE400BBB15D /* X O */,
				8424639A2A1CACE600BBB15D /* X OTests */,
				842463A42A1CACE600BBB15D /* X OUITests */,
			);
		};
/* End PBXProject section */

/* Begin PBXResourcesBuildPhase section */
		842463832A1CACE400BBB15D /* Resources */ = {
			isa = PBXResourcesBuildPhase;
			buildActionMask = 2147483647;
			files = (
				842463952A1CACE600BBB15D /* LaunchScreen.storyboard in Resources */,
				842463922A1CACE600BBB15D /* Assets.xcassets in Resources */,
				842463902A1CACE400BBB15D /* Main.storyboard in Resources */,
			);
			runOnlyForDeploymentPostprocessing = 0;
		};
		842463992A1CACE600BBB15D /* Resources */ = {
			isa = PBXResourcesBuildPhase;
			buildActionMask = 2147483647;
			files = (
			);
			runOnlyForDeploymentPostprocessing = 0;
		};
		842463A32A1CACE600BBB15D /* Resources */ = {
			isa = PBXResourcesBuildPhase;
			buildActionMask = 2147483647;
			files = (
			);
			runOnlyForDeploymentPostprocessing = 0;
		};
/* End PBXResourcesBuildPhase section */

/* Begin PBXSourcesBuildPhase section */
		842463812A1CACE400BBB15D /* Sources */ = {
			isa = PBXSourcesBuildPhase;
			buildActionMask = 2147483647;
			files = (
				8424638D2A1CACE400BBB15D /* ViewController.swift in Sources */,
				842463892A1CACE400BBB15D /* AppDelegate.swift in Sources */,
				8424638B2A1CACE400BBB15D /* SceneDelegate.swift in Sources */,
			);
			runOnlyForDeploymentPostprocessing = 0;
		};
		842463972A1CACE600BBB15D /* Sources */ = {
			isa = PBXSourcesBuildPhase;
			buildActionMask = 2147483647;
			files = (
				842463A02A1CACE600BBB15D /* X_OTests.swift in Sources */,
			);
			runOnlyForDeploymentPostprocessing = 0;
		};
		842463A12A1CACE600BBB15D /* Sources */ = {
			isa = PBXSourcesBuildPhase;
			buildActionMask = 2147483647;
			files = (
				842463AA2A1CACE600BBB15D /* X_OUITests.swift in Sources */,
				842463AC2A1CACE600BBB15D /* X_OUITestsLaunchTests.swift in Sources */,
			);
			runOnlyForDeploymentPostprocessing = 0;
		};
/* End PBXSourcesBuildPhase section */

/* Begin PBXTargetDependency section */
		8424639D2A1CACE600BBB15D /* PBXTargetDependency */ = {
			isa = PBXTargetDependency;
			target = 842463842A1CACE400BBB15D /* X O */;
			targetProxy = 8424639C2A1CACE600BBB15D /* PBXContainerItemProxy */;
		};
		842463A72A1CACE600BBB15D /* PBXTargetDependency */ = {
			isa = PBXTargetDependency;
			target = 842463842A1CACE400BBB15D /* X O */;
			targetProxy = 842463A62A1CACE600BBB15D /* PBXContainerItemProxy */;
		};
/* End PBXTargetDependency section */

/* Begin PBXVariantGroup section */
		8424638E2A1CACE400BBB15D /* Main.storyboard */ = {
			isa = PBXVariantGroup;
			children = (
				8424638F2A1CACE400BBB15D /* Base */,
			);
			name = Main.storyboard;
			sourceTree = "<group>";
		};
		842463932A1CACE600BBB15D /* LaunchScreen.storyboard */ = {
			isa = PBXVariantGroup;
			children = (
				842463942A1CACE600BBB15D /* Base */,
			);
			name = LaunchScreen.storyboard;
			sourceTree = "<group>";
		};
/* End PBXVariantGroup section */

/* Begin XCBuildConfiguration section */
		842463AD2A1CACE600BBB15D /* Debug */ = {
			isa = XCBuildConfiguration;
			buildSettings = {
				ALWAYS_SEARCH_USER_PATHS = NO;
				CLANG_ANALYZER_NONNULL = YES;
				CLANG_ANALYZER_NUMBER_OBJECT_CONVERSION = YES_AGGRESSIVE;
				CLANG_CXX_LANGUAGE_STANDARD = "gnu++20";
				CLANG_ENABLE_MODULES = YES;
				CLANG_ENABLE_OBJC_ARC = YES;
				CLANG_ENABLE_OBJC_WEAK = YES;
				CLANG_WARN_BLOCK_CAPTURE_AUTORELEASING = YES;
				CLANG_WARN_BOOL_CONVERSION = YES;
				CLANG_WARN_COMMA = YES;
				CLANG_WARN_CONSTANT_CONVERSION = YES;
				CLANG_WARN_DEPRECATED_OBJC_IMPLEMENTATIONS = YES;
				CLANG_WARN_DIRECT_OBJC_ISA_USAGE = YES_ERROR;
				CLANG_WARN_DOCUMENTATION_COMMENTS = YES;
				CLANG_WARN_EMPTY_BODY = YES;
				CLANG_WARN_ENUM_CONVERSION = YES;
				CLANG_WARN_INFINITE_RECURSION = YES;
				CLANG_WARN_INT_CONVERSION = YES;
				CLANG_WARN_NON_LITERAL_NULL_CONVERSION = YES;
				CLANG_WARN_OBJC_IMPLICIT_RETAIN_SELF = YES;
				CLANG_WARN_OBJC_LITERAL_CONVERSION = YES;
				CLANG_WARN_OBJC_ROOT_CLASS = YES_ERROR;
				CLANG_WARN_QUOTED_INCLUDE_IN_FRAMEWORK_HEADER = YES;
				CLANG_WARN_RANGE_LOOP_ANALYSIS = YES;
				CLANG_WARN_STRICT_PROTOTYPES = YES;
				CLANG_WARN_SUSPICIOUS_MOVE = YES;
				CLANG_WARN_UNGUARDED_AVAILABILITY = YES_AGGRESSIVE;
				CLANG_WARN_UNREACHABLE_CODE = YES;
				CLANG_WARN__DUPLICATE_METHOD_MATCH = YES;
				COPY_PHASE_STRIP = NO;
				DEBUG_INFORMATION_FORMAT = dwarf;
				ENABLE_STRICT_OBJC_MSGSEND = YES;
				ENABLE_TESTABILITY = YES;
				GCC_C_LANGUAGE_STANDARD = gnu11;
				GCC_DYNAMIC_NO_PIC = NO;
				GCC_NO_COMMON_BLOCKS = YES;
				GCC_OPTIMIZATION_LEVEL = 0;
				GCC_PREPROCESSOR_DEFINITIONS = (
					"DEBUG=1",
					"$(inherited)",
				);
				GCC_WARN_64_TO_32_BIT_CONVERSION = YES;
				GCC_WARN_ABOUT_RETURN_TYPE = YES_ERROR;
				GCC_WARN_UNDECLARED_SELECTOR = YES;
				GCC_WARN_UNINITIALIZED_AUTOS = YES_AGGRESSIVE;
				GCC_WARN_UNUSED_FUNCTION = YES;
				GCC_WARN_UNUSED_VARIABLE = YES;
				IPHONEOS_DEPLOYMENT_TARGET = 16.2;
				MTL_ENABLE_DEBUG_INFO = INCLUDE_SOURCE;
				MTL_FAST_MATH = YES;
				ONLY_ACTIVE_ARCH = YES;
				SDKROOT = iphoneos;
				SWIFT_ACTIVE_COMPILATION_CONDITIONS = DEBUG;
				SWIFT_OPTIMIZATION_LEVEL = "-Onone";
			};
			name = Debug;
		};
		842463AE2A1CACE600BBB15D /* Release */ = {
			isa = XCBuildConfiguration;
			buildSettings = {
				ALWAYS_SEARCH_USER_PATHS = NO;
				CLANG_ANALYZER_NONNULL = YES;
				CLANG_ANALYZER_NUMBER_OBJECT_CONVERSION = YES_AGGRESSIVE;
				CLANG_CXX_LANGUAGE_STANDARD = "gnu++20";
				CLANG_ENABLE_MODULES = YES;
				CLANG_ENABLE_OBJC_ARC = YES;
				CLANG_ENABLE_OBJC_WEAK = YES;
				CLANG_WARN_BLOCK_CAPTURE_AUTORELEASING = YES;
				CLANG_WARN_BOOL_CONVERSION = YES;
				CLANG_WARN_COMMA = YES;
				CLANG_WARN_CONSTANT_CONVERSION = YES;
				CLANG_WARN_DEPRECATED_OBJC_IMPLEMENTATIONS = YES;
				CLANG_WARN_DIRECT_OBJC_ISA_USAGE = YES_ERROR;
				CLANG_WARN_DOCUMENTATION_COMMENTS = YES;
				CLANG_WARN_EMPTY_BODY = YES;
				CLANG_WARN_ENUM_CONVERSION = YES;
				CLANG_WARN_INFINITE_RECURSION = YES;
				CLANG_WARN_INT_CONVERSION = YES;
				CLANG_WARN_NON_LITERAL_NULL_CONVERSION = YES;
				CLANG_WARN_OBJC_IMPLICIT_RETAIN_SELF = YES;
				CLANG_WARN_OBJC_LITERAL_CONVERSION = YES;
				CLANG_WARN_OBJC_ROOT_CLASS = YES_ERROR;
				CLANG_WARN_QUOTED_INCLUDE_IN_FRAMEWORK_HEADER = YES;
				CLANG_WARN_RANGE_LOOP_ANALYSIS = YES;
				CLANG_WARN_STRICT_PROTOTYPES = YES;
				CLANG_WARN_SUSPICIOUS_MOVE = YES;
				CLANG_WARN_UNGUARDED_AVAILABILITY = YES_AGGRESSIVE;
				CLANG_WARN_UNREACHABLE_CODE = YES;
				CLANG_WARN__DUPLICATE_METHOD_MATCH = YES;
				COPY_PHASE_STRIP = NO;
				DEBUG_INFORMATION_FORMAT = "dwarf-with-dsym";
				ENABLE_NS_ASSERTIONS = NO;
				ENABLE_STRICT_OBJC_MSGSEND = YES;
				GCC_C_LANGUAGE_STANDARD = gnu11;
				GCC_NO_COMMON_BLOCKS = YES;
				GCC_WARN_64_TO_32_BIT_CONVERSION = YES;
				GCC_WARN_ABOUT_RETURN_TYPE = YES_ERROR;
				GCC_WARN_UNDECLARED_SELECTOR = YES;
				GCC_WARN_UNINITIALIZED_AUTOS = YES_AGGRESSIVE;
				GCC_WARN_UNUSED_FUNCTION = YES;
				GCC_WARN_UNUSED_VARIABLE = YES;
				IPHONEOS_DEPLOYMENT_TARGET = 16.2;
				MTL_ENABLE_DEBUG_INFO = NO;
				MTL_FAST_MATH = YES;
				SDKROOT = iphoneos;
				SWIFT_COMPILATION_MODE = wholemodule;
				SWIFT_OPTIMIZATION_LEVEL = "-O";
				VALIDATE_PRODUCT = YES;
			};
			name = Release;
		};
		842463B02A1CACE600BBB15D /* Debug */ = {
			isa = XCBuildConfiguration;
			buildSettings = {
				ASSETCATALOG_COMPILER_APPICON_NAME = AppIcon;
				ASSETCATALOG_COMPILER_GLOBAL_ACCENT_COLOR_NAME = AccentColor;
				CODE_SIGN_STYLE = Automatic;
				CURRENT_PROJECT_VERSION = 1;
				GENERATE_INFOPLIST_FILE = YES;
				INFOPLIST_FILE = "X O/Info.plist";
				INFOPLIST_KEY_UIApplicationSupportsIndirectInputEvents = YES;
				INFOPLIST_KEY_UILaunchStoryboardName = LaunchScreen;
				INFOPLIST_KEY_UIMainStoryboardFile = Main;
				INFOPLIST_KEY_UISupportedInterfaceOrientations_iPad = "UIInterfaceOrientationPortrait UIInterfaceOrientationPortraitUpsideDown UIInterfaceOrientationLandscapeLeft UIInterfaceOrientationLandscapeRight";
				INFOPLIST_KEY_UISupportedInterfaceOrientations_iPhone = "UIInterfaceOrientationPortrait UIInterfaceOrientationLandscapeLeft UIInterfaceOrientationLandscapeRight";
				LD_RUNPATH_SEARCH_PATHS = (
					"$(inherited)",
					"@executable_path/Frameworks",
				);
				MARKETING_VERSION = 1.0;
				PRODUCT_BUNDLE_IDENTIFIER = "kz.ruslanmobydev.X-O";
				PRODUCT_NAME = "$(TARGET_NAME)";
				SWIFT_EMIT_LOC_STRINGS = YES;
				SWIFT_VERSION = 5.0;
				TARGETED_DEVICE_FAMILY = "1,2";
			};
			name = Debug;
		};
		842463B12A1CACE600BBB15D /* Release */ = {
			isa = XCBuildConfiguration;
			buildSettings = {
				ASSETCATALOG_COMPILER_APPICON_NAME = AppIcon;
				ASSETCATALOG_COMPILER_GLOBAL_ACCENT_COLOR_NAME = AccentColor;
				CODE_SIGN_STYLE = Automatic;
				CURRENT_PROJECT_VERSION = 1;
				GENERATE_INFOPLIST_FILE = YES;
				INFOPLIST_FILE = "X O/Info.plist";
				INFOPLIST_KEY_UIApplicationSupportsIndirectInputEvents = YES;
				INFOPLIST_KEY_UILaunchStoryboardName = LaunchScreen;
				INFOPLIST_KEY_UIMainStoryboardFile = Main;
				INFOPLIST_KEY_UISupportedInterfaceOrientations_iPad = "UIInterfaceOrientationPortrait UIInterfaceOrientationPortraitUpsideDown UIInterfaceOrientationLandscapeLeft UIInterfaceOrientationLandscapeRight";
				INFOPLIST_KEY_UISupportedInterfaceOrientations_iPhone = "UIInterfaceOrientationPortrait UIInterfaceOrientationLandscapeLeft UIInterfaceOrientationLandscapeRight";
				LD_RUNPATH_SEARCH_PATHS = (
					"$(inherited)",
					"@executable_path/Frameworks",
				);
				MARKETING_VERSION = 1.0;
				PRODUCT_BUNDLE_IDENTIFIER = "kz.ruslanmobydev.X-O";
				PRODUCT_NAME = "$(TARGET_NAME)";
				SWIFT_EMIT_LOC_STRINGS = YES;
				SWIFT_VERSION = 5.0;
				TARGETED_DEVICE_FAMILY = "1,2";
			};
			name = Release;
		};
		842463B32A1CACE600BBB15D /* Debug */ = {
			isa = XCBuildConfiguration;
			buildSettings = {
				ALWAYS_EMBED_SWIFT_STANDARD_LIBRARIES = YES;
				BUNDLE_LOADER = "$(TEST_HOST)";
				CODE_SIGN_STYLE = Automatic;
				CURRENT_PROJECT_VERSION = 1;
				GENERATE_INFOPLIST_FILE = YES;
				IPHONEOS_DEPLOYMENT_TARGET = 16.2;
				MARKETING_VERSION = 1.0;
				PRODUCT_BUNDLE_IDENTIFIER = "kz.ruslanmobydev.X-OTests";
				PRODUCT_NAME = "$(TARGET_NAME)";
				SWIFT_EMIT_LOC_STRINGS = NO;
				SWIFT_VERSION = 5.0;
				TARGETED_DEVICE_FAMILY = "1,2";
				TEST_HOST = "$(BUILT_PRODUCTS_DIR)/X O.app/$(BUNDLE_EXECUTABLE_FOLDER_PATH)/X O";
			};
			name = Debug;
		};
		842463B42A1CACE600BBB15D /* Release */ = {
			isa = XCBuildConfiguration;
			buildSettings = {
				ALWAYS_EMBED_SWIFT_STANDARD_LIBRARIES = YES;
				BUNDLE_LOADER = "$(TEST_HOST)";
				CODE_SIGN_STYLE = Automatic;
				CURRENT_PROJECT_VERSION = 1;
				GENERATE_INFOPLIST_FILE = YES;
				IPHONEOS_DEPLOYMENT_TARGET = 16.2;
				MARKETING_VERSION = 1.0;
				PRODUCT_BUNDLE_IDENTIFIER = "kz.ruslanmobydev.X-OTests";
				PRODUCT_NAME = "$(TARGET_NAME)";
				SWIFT_EMIT_LOC_STRINGS = NO;
				SWIFT_VERSION = 5.0;
				TARGETED_DEVICE_FAMILY = "1,2";
				TEST_HOST = "$(BUILT_PRODUCTS_DIR)/X O.app/$(BUNDLE_EXECUTABLE_FOLDER_PATH)/X O";
			};
			name = Release;
		};
		842463B62A1CACE600BBB15D /* Debug */ = {
			isa = XCBuildConfiguration;
			buildSettings = {
				ALWAYS_EMBED_SWIFT_STANDARD_LIBRARIES = YES;
				CODE_SIGN_STYLE = Automatic;
				CURRENT_PROJECT_VERSION = 1;
				GENERATE_INFOPLIST_FILE = YES;
				MARKETING_VERSION = 1.0;
				PRODUCT_BUNDLE_IDENTIFIER = "kz.ruslanmobydev.X-OUITests";
				PRODUCT_NAME = "$(TARGET_NAME)";
				SWIFT_EMIT_LOC_STRINGS = NO;
				SWIFT_VERSION = 5.0;
				TARGETED_DEVICE_FAMILY = "1,2";
				TEST_TARGET_NAME = "X O";
			};
			name = Debug;
		};
		842463B72A1CACE600BBB15D /* Release */ = {
			isa = XCBuildConfiguration;
			buildSettings = {
				ALWAYS_EMBED_SWIFT_STANDARD_LIBRARIES = YES;
				CODE_SIGN_STYLE = Automatic;
				CURRENT_PROJECT_VERSION = 1;
				GENERATE_INFOPLIST_FILE = YES;
				MARKETING_VERSION = 1.0;
				PRODUCT_BUNDLE_IDENTIFIER = "kz.ruslanmobydev.X-OUITests";
				PRODUCT_NAME = "$(TARGET_NAME)";
				SWIFT_EMIT_LOC_STRINGS = NO;
				SWIFT_VERSION = 5.0;
				TARGETED_DEVICE_FAMILY = "1,2";
				TEST_TARGET_NAME = "X O";
			};
			name = Release;
		};
/* End XCBuildConfiguration section */

/* Begin XCConfigurationList section */
		842463802A1CACE400BBB15D /* Build configuration list for PBXProject "X O" */ = {
			isa = XCConfigurationList;
			buildConfigurations = (
				842463AD2A1CACE600BBB15D /* Debug */,
				842463AE2A1CACE600BBB15D /* Release */,
			);
			defaultConfigurationIsVisible = 0;
			defaultConfigurationName = Release;
		};
		842463AF2A1CACE600BBB15D /* Build configuration list for PBXNativeTarget "X O" */ = {
			isa = XCConfigurationList;
			buildConfigurations = (
				842463B02A1CACE600BBB15D /* Debug */,
				842463B12A1CACE600BBB15D /* Release */,
			);
			defaultConfigurationIsVisible = 0;
			defaultConfigurationName = Release;
		};
		842463B22A1CACE600BBB15D /* Build configuration list for PBXNativeTarget "X OTests" */ = {
			isa = XCConfigurationList;
			buildConfigurations = (
				842463B32A1CACE600BBB15D /* Debug */,
				842463B42A1CACE600BBB15D /* Release */,
			);
			defaultConfigurationIsVisible = 0;
			defaultConfigurationName = Release;
		};
		842463B52A1CACE600BBB15D /* Build configuration list for PBXNativeTarget "X OUITests" */ = {
			isa = XCConfigurationList;
			buildConfigurations = (
				842463B62A1CACE600BBB15D /* Debug */,
				842463B72A1CACE600BBB15D /* Release */,
			);
			defaultConfigurationIsVisible = 0;
			defaultConfigurationName = Release;
		};
/* End XCConfigurationList section */
	};
	rootObject = 8424637D2A1CACE400BBB15D /* Project object */;
}
